
Microsoft Visual Studio Solution File, Format Version 12.00
Project("{2150E333-8FDC-42A3-9474-1A3956D46DE8}") = "src", "src", "{D52CCD51-061C-4E87-B8A1-C30354CA38C8}"
EndProject
Project("{FAE04EC0-301F-11D3-BF4B-00C04F79EFBC}") = "FoxLabs.RESTFul", "src\FoxLabs.RESTFul\FoxLabs.RESTFul.csproj", "{03109A4C-B682-4713-B81B-F6313A74B0F5}"
EndProject
Project("{2150E333-8FDC-42A3-9474-1A3956D46DE8}") = "test", "test", "{D1AB254D-1590-4F2D-9BB5-AB1EEA1450AD}"
EndProject
Project("{FAE04EC0-301F-11D3-BF4B-00C04F79EFBC}") = "FoxLabs.RESTful.Tests", "test\FoxLabs.RESTful.Tests\FoxLabs.RESTful.Tests.csproj", "{CD5E4069-67EF-4637-A863-5EF9E3732A9C}"
EndProject
Global
	GlobalSection(SolutionConfigurationPlatforms) = preSolution
		Debug|Any CPU = Debug|Any CPU
		Release|Any CPU = Release|Any CPU
	EndGlobalSection
	GlobalSection(NestedProjects) = preSolution
		{03109A4C-B682-4713-B81B-F6313A74B0F5} = {D52CCD51-061C-4E87-B8A1-C30354CA38C8}
		{CD5E4069-67EF-4637-A863-5EF9E3732A9C} = {D1AB254D-1590-4F2D-9BB5-AB1EEA1450AD}
	EndGlobalSection
	GlobalSection(ProjectConfigurationPlatforms) = postSolution
		{03109A4C-B682-4713-B81B-F6313A74B0F5}.Debug|Any CPU.ActiveCfg = Debug|Any CPU
		{03109A4C-B682-4713-B81B-F6313A74B0F5}.Debug|Any CPU.Build.0 = Debug|Any CPU
		{03109A4C-B682-4713-B81B-F6313A74B0F5}.Release|Any CPU.ActiveCfg = Release|Any CPU
		{03109A4C-B682-4713-B81B-F6313A74B0F5}.Release|Any CPU.Build.0 = Release|Any CPU
		{CD5E4069-67EF-4637-A863-5EF9E3732A9C}.Debug|Any CPU.ActiveCfg = Debug|Any CPU
		{CD5E4069-67EF-4637-A863-5EF9E3732A9C}.Debug|Any CPU.Build.0 = Debug|Any CPU
		{CD5E4069-67EF-4637-A863-5EF9E3732A9C}.Release|Any CPU.ActiveCfg = Release|Any CPU
		{CD5E4069-67EF-4637-A863-5EF9E3732A9C}.Release|Any CPU.Build.0 = Release|Any CPU
	EndGlobalSection
EndGlobal
